
Microsoft Visual Studio Solution File, Format Version 12.00
# Visual Studio Version 17
VisualStudioVersion = 17.2.32630.192
MinimumVisualStudioVersion = 10.0.40219.1
Project("{FAE04EC0-301F-11D3-BF4B-00C04F79EFBC}") = "CriptoADS2022", "CriptoADS2022\CriptoADS2022.csproj", "{49C93CBE-6CB7-4CE4-BA71-9399661B3288}"
EndProject
Global
	GlobalSection(SolutionConfigurationPlatforms) = preSolution
		Debug|Any CPU = Debug|Any CPU
		Release|Any CPU = Release|Any CPU
	EndGlobalSection
	GlobalSection(ProjectConfigurationPlatforms) = postSolution
		{49C93CBE-6CB7-4CE4-BA71-9399661B3288}.Debug|Any CPU.ActiveCfg = Debug|Any CPU
		{49C93CBE-6CB7-4CE4-BA71-9399661B3288}.Debug|Any CPU.Build.0 = Debug|Any CPU
		{49C93CBE-6CB7-4CE4-BA71-9399661B3288}.Release|Any CPU.ActiveCfg = Release|Any CPU
		{49C93CBE-6CB7-4CE4-BA71-9399661B3288}.Release|Any CPU.Build.0 = Release|Any CPU
	EndGlobalSection
	GlobalSection(SolutionProperties) = preSolution
		HideSolutionNode = FALSE
	EndGlobalSection
	GlobalSection(ExtensibilityGlobals) = postSolution
		SolutionGuid = {38A66E2A-B744-4988-9B91-A28D965A7492}
	EndGlobalSection
EndGlobal
